
Microsoft Visual Studio Solution File, Format Version 12.00
# Visual Studio Version 17
VisualStudioVersion = 17.13.35825.156
MinimumVisualStudioVersion = 10.0.40219.1
Project("{FAE04EC0-301F-11D3-BF4B-00C04F79EFBC}") = "WebApplication", "WebApplication\WebApplication.csproj", "{E87949D9-C6AB-4E45-B253-29BCF11178D8}"
EndProject
Project("{2150E333-8FDC-42A3-9474-1A3956D46DE8}") = "Solution Items", "Solution Items", "{8EC462FD-D22E-90A8-E5CE-7E832BA40C5D}"
	ProjectSection(SolutionItems) = preProject
		package.json = package.json
		.github\workflows\pipeline.yml = .github\workflows\pipeline.yml
	EndProjectSection
EndProject
Project("{FAE04EC0-301F-11D3-BF4B-00C04F79EFBC}") = "WebApplication.Test", "WebApplication.Test\WebApplication.Test.csproj", "{9A249520-D55A-4142-93EC-50E999BD4C94}"
EndProject
Global
	GlobalSection(SolutionConfigurationPlatforms) = preSolution
		Debug|Any CPU = Debug|Any CPU
		Release|Any CPU = Release|Any CPU
	EndGlobalSection
	GlobalSection(ProjectConfigurationPlatforms) = postSolution
		{E87949D9-C6AB-4E45-B253-29BCF11178D8}.Debug|Any CPU.ActiveCfg = Debug|Any CPU
		{E87949D9-C6AB-4E45-B253-29BCF11178D8}.Debug|Any CPU.Build.0 = Debug|Any CPU
		{E87949D9-C6AB-4E45-B253-29BCF11178D8}.Release|Any CPU.ActiveCfg = Release|Any CPU
		{E87949D9-C6AB-4E45-B253-29BCF11178D8}.Release|Any CPU.Build.0 = Release|Any CPU
		{9A249520-D55A-4142-93EC-50E999BD4C94}.Debug|Any CPU.ActiveCfg = Debug|Any CPU
		{9A249520-D55A-4142-93EC-50E999BD4C94}.Debug|Any CPU.Build.0 = Debug|Any CPU
		{9A249520-D55A-4142-93EC-50E999BD4C94}.Release|Any CPU.ActiveCfg = Release|Any CPU
		{9A249520-D55A-4142-93EC-50E999BD4C94}.Release|Any CPU.Build.0 = Release|Any CPU
	EndGlobalSection
	GlobalSection(SolutionProperties) = preSolution
		HideSolutionNode = FALSE
	EndGlobalSection
	GlobalSection(ExtensibilityGlobals) = postSolution
		SolutionGuid = {C91F5E86-F959-42D5-9234-F4DD345A4517}
	EndGlobalSection
EndGlobal
